{
  "meteor": {},
  "dependencies": {
    "basePackages": {
      "velocity": {},
      "mocha-web-velocity": {},
      "jasmine-unit": {},
      "velocity-html-reporter": {},
      "moment": {}
    },
    "packages": {
      "velocity": {
        "git": "https://github.com/xolvio/velocity.git",
        "tag": "v0.1.9",
        "commit": "c5f5f721740f77a4a4924c44375697bdd4b5f3c8"
      },
      "mocha-web-velocity": {
        "git": "https://github.com/mad-eye/meteor-mocha-web.git",
        "tag": "v0.3.0",
        "commit": "1204867efdb23ba6115157b5f2e68da4edb7d8e9"
      },
      "jasmine-unit": {
        "git": "https://github.com/xolvio/jasmine-unit.git",
        "tag": "v0.1.16",
        "commit": "17b7569af44c21a171c0bcc03d857e93182a7dc1"
      },
      "velocity-html-reporter": {
        "git": "https://github.com/rissem/velocity-html-reporter.git",
        "tag": "v0.1.0",
        "commit": "9e03afe1853fbe8118fd2ad5c7c803be28ec4deb"
      },
      "moment": {
        "git": "https://github.com/acreeger/meteor-moment.git",
        "tag": "v2.6.0",
        "commit": "26156df681750fd6e6ed77043eef32b6653ebbdf"
      },
      "mirror": {
        "git": "https://github.com/xdissent/meteor-mirror.git",
        "tag": "v0.0.2",
        "commit": "03d965dcab2f976a1fdc6ce513edcd4c17b75746"
      },
      "package-stubber": {
        "git": "https://github.com/alanning/meteor-package-stubber.git",
        "tag": "v0.0.7",
        "commit": "f6d76ae3c9107d25e42bc5b297a8799145e99f73"
      }
    }
  }
}
